
Microsoft Visual Studio Solution File, Format Version 12.00
# Visual Studio Version 16
VisualStudioVersion = 16.0.29209.62
MinimumVisualStudioVersion = 10.0.40219.1
Project("{FAE04EC0-301F-11D3-BF4B-00C04F79EFBC}") = "TourOfHeroesWebApi", "TourOfHeroesWebApi\TourOfHeroesWebApi.csproj", "{69C8362F-1DF0-402D-A6CC-7B383B6714D0}"
EndProject
Global
	GlobalSection(SolutionConfigurationPlatforms) = preSolution
		Debug|Any CPU = Debug|Any CPU
		Release|Any CPU = Release|Any CPU
	EndGlobalSection
	GlobalSection(ProjectConfigurationPlatforms) = postSolution
		{69C8362F-1DF0-402D-A6CC-7B383B6714D0}.Debug|Any CPU.ActiveCfg = Debug|Any CPU
		{69C8362F-1DF0-402D-A6CC-7B383B6714D0}.Debug|Any CPU.Build.0 = Debug|Any CPU
		{69C8362F-1DF0-402D-A6CC-7B383B6714D0}.Release|Any CPU.ActiveCfg = Release|Any CPU
		{69C8362F-1DF0-402D-A6CC-7B383B6714D0}.Release|Any CPU.Build.0 = Release|Any CPU
	EndGlobalSection
	GlobalSection(SolutionProperties) = preSolution
		HideSolutionNode = FALSE
	EndGlobalSection
	GlobalSection(ExtensibilityGlobals) = postSolution
		SolutionGuid = {DFBD8259-B143-430E-BFEE-68E735BE2F33}
	EndGlobalSection
EndGlobal
