
Microsoft Visual Studio Solution File, Format Version 12.00
# Visual Studio Version 16
VisualStudioVersion = 16.0.29519.87
MinimumVisualStudioVersion = 10.0.40219.1
Project("{9A19103F-16F7-4668-BE54-9A1E7A4F7556}") = "TourOfHeroesWebApi", "TourOfHeroesWebApi\TourOfHeroesWebApi.csproj", "{69C8362F-1DF0-402D-A6CC-7B383B6714D0}"
EndProject
Project("{9A19103F-16F7-4668-BE54-9A1E7A4F7556}") = "TourOfHeroesData", "TourOfHeroesData\TourOfHeroesData.csproj", "{EB1B2DB3-B22C-403E-894E-1418980FC769}"
EndProject
Project("{9A19103F-16F7-4668-BE54-9A1E7A4F7556}") = "TourOfHeroesServices", "TourOfHeroesServices\TourOfHeroesServices.csproj", "{21C928B5-9D28-4A4B-BC50-9E3475FF7B2B}"
EndProject
Project("{9A19103F-16F7-4668-BE54-9A1E7A4F7556}") = "TourOfHeroesDTOs", "TourOfHeroesDTOs\TourOfHeroesDTOs.csproj", "{EC80E396-48F7-4A28-8E06-54AC32E49BC6}"
EndProject
Project("{9A19103F-16F7-4668-BE54-9A1E7A4F7556}") = "TourOfHeroesMapping", "TourOfHeroesMapping\TourOfHeroesMapping.csproj", "{C13C98D0-8687-4599-A900-A21FC71EF2A1}"
EndProject
Project("{9A19103F-16F7-4668-BE54-9A1E7A4F7556}") = "TourOfHeroesCommon", "TourOfHeroesCommon\TourOfHeroesCommon.csproj", "{CA1714B6-124F-4399-B6A5-1E2E7C6067FD}"
EndProject
Project("{2150E333-8FDC-42A3-9474-1A3956D46DE8}") = "Tests", "Tests", "{CF471E2A-5505-4387-B69A-761FCED7CEFB}"
EndProject
Project("{9A19103F-16F7-4668-BE54-9A1E7A4F7556}") = "TourOfHeroesServices.Tests", "Tests\TourOfHeroesSevices.Tests\TourOfHeroesServices.Tests.csproj", "{1D52B8FF-434D-43C8-A3FF-F95E1C68CC4C}"
EndProject
Global
	GlobalSection(SolutionConfigurationPlatforms) = preSolution
		Debug|Any CPU = Debug|Any CPU
		Release|Any CPU = Release|Any CPU
	EndGlobalSection
	GlobalSection(ProjectConfigurationPlatforms) = postSolution
		{69C8362F-1DF0-402D-A6CC-7B383B6714D0}.Debug|Any CPU.ActiveCfg = Debug|Any CPU
		{69C8362F-1DF0-402D-A6CC-7B383B6714D0}.Debug|Any CPU.Build.0 = Debug|Any CPU
		{69C8362F-1DF0-402D-A6CC-7B383B6714D0}.Release|Any CPU.ActiveCfg = Release|Any CPU
		{69C8362F-1DF0-402D-A6CC-7B383B6714D0}.Release|Any CPU.Build.0 = Release|Any CPU
		{EB1B2DB3-B22C-403E-894E-1418980FC769}.Debug|Any CPU.ActiveCfg = Debug|Any CPU
		{EB1B2DB3-B22C-403E-894E-1418980FC769}.Debug|Any CPU.Build.0 = Debug|Any CPU
		{EB1B2DB3-B22C-403E-894E-1418980FC769}.Release|Any CPU.ActiveCfg = Release|Any CPU
		{EB1B2DB3-B22C-403E-894E-1418980FC769}.Release|Any CPU.Build.0 = Release|Any CPU
		{21C928B5-9D28-4A4B-BC50-9E3475FF7B2B}.Debug|Any CPU.ActiveCfg = Debug|Any CPU
		{21C928B5-9D28-4A4B-BC50-9E3475FF7B2B}.Debug|Any CPU.Build.0 = Debug|Any CPU
		{21C928B5-9D28-4A4B-BC50-9E3475FF7B2B}.Release|Any CPU.ActiveCfg = Release|Any CPU
		{21C928B5-9D28-4A4B-BC50-9E3475FF7B2B}.Release|Any CPU.Build.0 = Release|Any CPU
		{EC80E396-48F7-4A28-8E06-54AC32E49BC6}.Debug|Any CPU.ActiveCfg = Debug|Any CPU
		{EC80E396-48F7-4A28-8E06-54AC32E49BC6}.Debug|Any CPU.Build.0 = Debug|Any CPU
		{EC80E396-48F7-4A28-8E06-54AC32E49BC6}.Release|Any CPU.ActiveCfg = Release|Any CPU
		{EC80E396-48F7-4A28-8E06-54AC32E49BC6}.Release|Any CPU.Build.0 = Release|Any CPU
		{C13C98D0-8687-4599-A900-A21FC71EF2A1}.Debug|Any CPU.ActiveCfg = Debug|Any CPU
		{C13C98D0-8687-4599-A900-A21FC71EF2A1}.Debug|Any CPU.Build.0 = Debug|Any CPU
		{C13C98D0-8687-4599-A900-A21FC71EF2A1}.Release|Any CPU.ActiveCfg = Release|Any CPU
		{C13C98D0-8687-4599-A900-A21FC71EF2A1}.Release|Any CPU.Build.0 = Release|Any CPU
		{CA1714B6-124F-4399-B6A5-1E2E7C6067FD}.Debug|Any CPU.ActiveCfg = Debug|Any CPU
		{CA1714B6-124F-4399-B6A5-1E2E7C6067FD}.Debug|Any CPU.Build.0 = Debug|Any CPU
		{CA1714B6-124F-4399-B6A5-1E2E7C6067FD}.Release|Any CPU.ActiveCfg = Release|Any CPU
		{CA1714B6-124F-4399-B6A5-1E2E7C6067FD}.Release|Any CPU.Build.0 = Release|Any CPU
		{1D52B8FF-434D-43C8-A3FF-F95E1C68CC4C}.Debug|Any CPU.ActiveCfg = Debug|Any CPU
		{1D52B8FF-434D-43C8-A3FF-F95E1C68CC4C}.Debug|Any CPU.Build.0 = Debug|Any CPU
		{1D52B8FF-434D-43C8-A3FF-F95E1C68CC4C}.Release|Any CPU.ActiveCfg = Release|Any CPU
		{1D52B8FF-434D-43C8-A3FF-F95E1C68CC4C}.Release|Any CPU.Build.0 = Release|Any CPU
	EndGlobalSection
	GlobalSection(SolutionProperties) = preSolution
		HideSolutionNode = FALSE
	EndGlobalSection
	GlobalSection(NestedProjects) = preSolution
		{1D52B8FF-434D-43C8-A3FF-F95E1C68CC4C} = {CF471E2A-5505-4387-B69A-761FCED7CEFB}
	EndGlobalSection
	GlobalSection(ExtensibilityGlobals) = postSolution
		SolutionGuid = {DFBD8259-B143-430E-BFEE-68E735BE2F33}
	EndGlobalSection
EndGlobal
